
Microsoft Visual Studio Solution File, Format Version 12.00
# Visual Studio 15
VisualStudioVersion = 15.0.28307.421
MinimumVisualStudioVersion = 10.0.40219.1
Project("{FAE04EC0-301F-11D3-BF4B-00C04F79EFBC}") = "AlbumCollection", "AlbumCollection\AlbumCollection.csproj", "{9C44E995-17EE-4530-950B-A87CA1C11714}"
EndProject
Project("{FAE04EC0-301F-11D3-BF4B-00C04F79EFBC}") = "AlbumCollection.Tests", "AlbumCollection.TESTS\AlbumCollection.Tests.csproj", "{269338B4-8E1C-43B8-A556-537034412B57}"
EndProject
Global
	GlobalSection(SolutionConfigurationPlatforms) = preSolution
		Debug|Any CPU = Debug|Any CPU
		Release|Any CPU = Release|Any CPU
	EndGlobalSection
	GlobalSection(ProjectConfigurationPlatforms) = postSolution
		{9C44E995-17EE-4530-950B-A87CA1C11714}.Debug|Any CPU.ActiveCfg = Debug|Any CPU
		{9C44E995-17EE-4530-950B-A87CA1C11714}.Debug|Any CPU.Build.0 = Debug|Any CPU
		{9C44E995-17EE-4530-950B-A87CA1C11714}.Release|Any CPU.ActiveCfg = Release|Any CPU
		{9C44E995-17EE-4530-950B-A87CA1C11714}.Release|Any CPU.Build.0 = Release|Any CPU
		{269338B4-8E1C-43B8-A556-537034412B57}.Debug|Any CPU.ActiveCfg = Debug|Any CPU
		{269338B4-8E1C-43B8-A556-537034412B57}.Debug|Any CPU.Build.0 = Debug|Any CPU
		{269338B4-8E1C-43B8-A556-537034412B57}.Release|Any CPU.ActiveCfg = Release|Any CPU
		{269338B4-8E1C-43B8-A556-537034412B57}.Release|Any CPU.Build.0 = Release|Any CPU
	EndGlobalSection
	GlobalSection(SolutionProperties) = preSolution
		HideSolutionNode = FALSE
	EndGlobalSection
	GlobalSection(ExtensibilityGlobals) = postSolution
		SolutionGuid = {F1B16992-8C15-4A57-B477-6F24BDFD0075}
	EndGlobalSection
EndGlobal
